
Microsoft Visual Studio Solution File, Format Version 12.00
# Visual Studio 14
VisualStudioVersion = 14.0.25420.1
MinimumVisualStudioVersion = 10.0.40219.1
Project("{2150E333-8FDC-42A3-9474-1A3956D46DE8}") = "01 - UI", "01 - UI", "{FFEE4C01-BF1F-4915-AE49-2B536B463CCB}"
EndProject
Project("{2150E333-8FDC-42A3-9474-1A3956D46DE8}") = "02 - API", "02 - API", "{7C8F73A1-7A8B-4AB0-ABCC-1AC0CB71DBBC}"
EndProject
Project("{2150E333-8FDC-42A3-9474-1A3956D46DE8}") = "03 - Application", "03 - Application", "{58418E12-15DF-479C-B5CD-2DA53A0E7967}"
EndProject
Project("{2150E333-8FDC-42A3-9474-1A3956D46DE8}") = "04 - Services", "04 - Services", "{24E07A81-E565-47DF-8B33-0FE2D7FBFF43}"
EndProject
Project("{2150E333-8FDC-42A3-9474-1A3956D46DE8}") = "05 - Domain", "05 - Domain", "{3867A728-F56D-423E-88E6-CA85718EBB63}"
EndProject
Project("{2150E333-8FDC-42A3-9474-1A3956D46DE8}") = "06 - Infra", "06 - Infra", "{87530175-5769-4222-8F1F-F19F318B9688}"
EndProject
Project("{FAE04EC0-301F-11D3-BF4B-00C04F79EFBC}") = "LG.Test.UI", "LG.Test.UI\LG.Test.UI.csproj", "{6F64F4A3-0B49-4030-B5C4-A5706335FD63}"
EndProject
Project("{FAE04EC0-301F-11D3-BF4B-00C04F79EFBC}") = "LG.Test.API", "LG.Test.API\LG.Test.API.csproj", "{EC6958A2-91FE-4AA7-BB12-59439235C32E}"
EndProject
Project("{FAE04EC0-301F-11D3-BF4B-00C04F79EFBC}") = "LG.Test.Application", "LG.Test.Application\LG.Test.Application.csproj", "{1AFCD88C-32C1-4B86-B9A2-58B6A6354948}"
EndProject
Project("{FAE04EC0-301F-11D3-BF4B-00C04F79EFBC}") = "LG.Test.Services", "LG.Test.Services\LG.Test.Services.csproj", "{CE41D5DE-8390-49B6-ACE7-B1F65A979CD4}"
EndProject
Project("{FAE04EC0-301F-11D3-BF4B-00C04F79EFBC}") = "LG.Test.Domain", "LG.Test.Domain\LG.Test.Domain.csproj", "{D58D3EEF-250E-4376-A1FC-0357129A8767}"
EndProject
Project("{FAE04EC0-301F-11D3-BF4B-00C04F79EFBC}") = "LG.Test.Infra", "LG.Test.Infra\LG.Test.Infra.csproj", "{7B144C1E-3406-424F-987D-BF3F7E7A3D59}"
EndProject
Project("{2150E333-8FDC-42A3-9474-1A3956D46DE8}") = "07 - ConsoleTest", "07 - ConsoleTest", "{8AC44124-16B6-4056-9915-633528521CE3}"
EndProject
Project("{FAE04EC0-301F-11D3-BF4B-00C04F79EFBC}") = "LG.Test.ConsoleTest", "LG.Test.ConsoleTest\LG.Test.ConsoleTest.csproj", "{0689EC11-40AA-4AB3-BC76-2BEA4EEF7629}"
EndProject
Global
	GlobalSection(SolutionConfigurationPlatforms) = preSolution
		Debug|Any CPU = Debug|Any CPU
		Release|Any CPU = Release|Any CPU
	EndGlobalSection
	GlobalSection(ProjectConfigurationPlatforms) = postSolution
		{6F64F4A3-0B49-4030-B5C4-A5706335FD63}.Debug|Any CPU.ActiveCfg = Debug|Any CPU
		{6F64F4A3-0B49-4030-B5C4-A5706335FD63}.Debug|Any CPU.Build.0 = Debug|Any CPU
		{6F64F4A3-0B49-4030-B5C4-A5706335FD63}.Release|Any CPU.ActiveCfg = Release|Any CPU
		{6F64F4A3-0B49-4030-B5C4-A5706335FD63}.Release|Any CPU.Build.0 = Release|Any CPU
		{EC6958A2-91FE-4AA7-BB12-59439235C32E}.Debug|Any CPU.ActiveCfg = Debug|Any CPU
		{EC6958A2-91FE-4AA7-BB12-59439235C32E}.Debug|Any CPU.Build.0 = Debug|Any CPU
		{EC6958A2-91FE-4AA7-BB12-59439235C32E}.Release|Any CPU.ActiveCfg = Release|Any CPU
		{EC6958A2-91FE-4AA7-BB12-59439235C32E}.Release|Any CPU.Build.0 = Release|Any CPU
		{1AFCD88C-32C1-4B86-B9A2-58B6A6354948}.Debug|Any CPU.ActiveCfg = Debug|Any CPU
		{1AFCD88C-32C1-4B86-B9A2-58B6A6354948}.Debug|Any CPU.Build.0 = Debug|Any CPU
		{1AFCD88C-32C1-4B86-B9A2-58B6A6354948}.Release|Any CPU.ActiveCfg = Release|Any CPU
		{1AFCD88C-32C1-4B86-B9A2-58B6A6354948}.Release|Any CPU.Build.0 = Release|Any CPU
		{CE41D5DE-8390-49B6-ACE7-B1F65A979CD4}.Debug|Any CPU.ActiveCfg = Debug|Any CPU
		{CE41D5DE-8390-49B6-ACE7-B1F65A979CD4}.Debug|Any CPU.Build.0 = Debug|Any CPU
		{CE41D5DE-8390-49B6-ACE7-B1F65A979CD4}.Release|Any CPU.ActiveCfg = Release|Any CPU
		{CE41D5DE-8390-49B6-ACE7-B1F65A979CD4}.Release|Any CPU.Build.0 = Release|Any CPU
		{D58D3EEF-250E-4376-A1FC-0357129A8767}.Debug|Any CPU.ActiveCfg = Debug|Any CPU
		{D58D3EEF-250E-4376-A1FC-0357129A8767}.Debug|Any CPU.Build.0 = Debug|Any CPU
		{D58D3EEF-250E-4376-A1FC-0357129A8767}.Release|Any CPU.ActiveCfg = Release|Any CPU
		{D58D3EEF-250E-4376-A1FC-0357129A8767}.Release|Any CPU.Build.0 = Release|Any CPU
		{7B144C1E-3406-424F-987D-BF3F7E7A3D59}.Debug|Any CPU.ActiveCfg = Debug|Any CPU
		{7B144C1E-3406-424F-987D-BF3F7E7A3D59}.Debug|Any CPU.Build.0 = Debug|Any CPU
		{7B144C1E-3406-424F-987D-BF3F7E7A3D59}.Release|Any CPU.ActiveCfg = Release|Any CPU
		{7B144C1E-3406-424F-987D-BF3F7E7A3D59}.Release|Any CPU.Build.0 = Release|Any CPU
		{0689EC11-40AA-4AB3-BC76-2BEA4EEF7629}.Debug|Any CPU.ActiveCfg = Debug|Any CPU
		{0689EC11-40AA-4AB3-BC76-2BEA4EEF7629}.Debug|Any CPU.Build.0 = Debug|Any CPU
		{0689EC11-40AA-4AB3-BC76-2BEA4EEF7629}.Release|Any CPU.ActiveCfg = Release|Any CPU
		{0689EC11-40AA-4AB3-BC76-2BEA4EEF7629}.Release|Any CPU.Build.0 = Release|Any CPU
	EndGlobalSection
	GlobalSection(SolutionProperties) = preSolution
		HideSolutionNode = FALSE
	EndGlobalSection
	GlobalSection(NestedProjects) = preSolution
		{6F64F4A3-0B49-4030-B5C4-A5706335FD63} = {FFEE4C01-BF1F-4915-AE49-2B536B463CCB}
		{EC6958A2-91FE-4AA7-BB12-59439235C32E} = {7C8F73A1-7A8B-4AB0-ABCC-1AC0CB71DBBC}
		{1AFCD88C-32C1-4B86-B9A2-58B6A6354948} = {58418E12-15DF-479C-B5CD-2DA53A0E7967}
		{CE41D5DE-8390-49B6-ACE7-B1F65A979CD4} = {24E07A81-E565-47DF-8B33-0FE2D7FBFF43}
		{D58D3EEF-250E-4376-A1FC-0357129A8767} = {3867A728-F56D-423E-88E6-CA85718EBB63}
		{7B144C1E-3406-424F-987D-BF3F7E7A3D59} = {87530175-5769-4222-8F1F-F19F318B9688}
		{0689EC11-40AA-4AB3-BC76-2BEA4EEF7629} = {8AC44124-16B6-4056-9915-633528521CE3}
	EndGlobalSection
EndGlobal
